
Microsoft Visual Studio Solution File, Format Version 12.00
# Visual Studio Version 17
VisualStudioVersion = 17.3.32922.545
MinimumVisualStudioVersion = 10.0.40219.1
Project("{FAE04EC0-301F-11D3-BF4B-00C04F79EFBC}") = "LAb 4.1", "LAb 4.1.csproj", "{07F827DA-0C65-4CBD-9336-9F02F0234338}"
EndProject
Global
	GlobalSection(SolutionConfigurationPlatforms) = preSolution
		Debug|Any CPU = Debug|Any CPU
		Release|Any CPU = Release|Any CPU
	EndGlobalSection
	GlobalSection(ProjectConfigurationPlatforms) = postSolution
		{07F827DA-0C65-4CBD-9336-9F02F0234338}.Debug|Any CPU.ActiveCfg = Debug|Any CPU
		{07F827DA-0C65-4CBD-9336-9F02F0234338}.Debug|Any CPU.Build.0 = Debug|Any CPU
		{07F827DA-0C65-4CBD-9336-9F02F0234338}.Release|Any CPU.ActiveCfg = Release|Any CPU
		{07F827DA-0C65-4CBD-9336-9F02F0234338}.Release|Any CPU.Build.0 = Release|Any CPU
	EndGlobalSection
	GlobalSection(SolutionProperties) = preSolution
		HideSolutionNode = FALSE
	EndGlobalSection
	GlobalSection(ExtensibilityGlobals) = postSolution
		SolutionGuid = {10AE6C89-02AA-4AD4-9956-5CB26A28E15C}
	EndGlobalSection
EndGlobal
